
Microsoft Visual Studio Solution File, Format Version 12.00
# Visual Studio 15
VisualStudioVersion = 15.0.28010.2050
MinimumVisualStudioVersion = 10.0.40219.1
Project("{FAE04EC0-301F-11D3-BF4B-00C04F79EFBC}") = "Baseball", "Baseball\Baseball.csproj", "{413AA923-6655-4B56-AE88-2B27F50E22AF}"
EndProject
Global
	GlobalSection(SolutionConfigurationPlatforms) = preSolution
		Debug|Any CPU = Debug|Any CPU
		Release|Any CPU = Release|Any CPU
	EndGlobalSection
	GlobalSection(ProjectConfigurationPlatforms) = postSolution
		{413AA923-6655-4B56-AE88-2B27F50E22AF}.Debug|Any CPU.ActiveCfg = Debug|Any CPU
		{413AA923-6655-4B56-AE88-2B27F50E22AF}.Debug|Any CPU.Build.0 = Debug|Any CPU
		{413AA923-6655-4B56-AE88-2B27F50E22AF}.Release|Any CPU.ActiveCfg = Release|Any CPU
		{413AA923-6655-4B56-AE88-2B27F50E22AF}.Release|Any CPU.Build.0 = Release|Any CPU
	EndGlobalSection
	GlobalSection(SolutionProperties) = preSolution
		HideSolutionNode = FALSE
	EndGlobalSection
	GlobalSection(ExtensibilityGlobals) = postSolution
		SolutionGuid = {7E5C96DF-C66D-4250-B771-EB0696CC7F48}
	EndGlobalSection
EndGlobal
